// !$*UTF8*$!
{
	archiveVersion = 1;
	classes = {
	};
	objectVersion = 46;
	objects = {

/* Begin PBXBuildFile section */
		8E2DC0601BA2F73F008FD194 /* Meme.swift in Sources */ = {isa = PBXBuildFile; fileRef = 8E2DC05F1BA2F73F008FD194 /* Meme.swift */; };
		8E2E25D11BBB32740050F32F /* SentMemesCollectionViewCell.swift in Sources */ = {isa = PBXBuildFile; fileRef = 8E2E25D01BBB32740050F32F /* SentMemesCollectionViewCell.swift */; settings = {ASSET_TAGS = (); }; };
		8E42AA251B9F18700054AEAA /* AppDelegate.swift in Sources */ = {isa = PBXBuildFile; fileRef = 8E42AA241B9F18700054AEAA /* AppDelegate.swift */; };
		8E42AA271B9F18700054AEAA /* ViewController.swift in Sources */ = {isa = PBXBuildFile; fileRef = 8E42AA261B9F18700054AEAA /* ViewController.swift */; };
		8E42AA2A1B9F18700054AEAA /* Main.storyboard in Resources */ = {isa = PBXBuildFile; fileRef = 8E42AA281B9F18700054AEAA /* Main.storyboard */; };
		8E42AA2C1B9F18700054AEAA /* Images.xcassets in Resources */ = {isa = PBXBuildFile; fileRef = 8E42AA2B1B9F18700054AEAA /* Images.xcassets */; };
		8E42AA2F1B9F18700054AEAA /* LaunchScreen.xib in Resources */ = {isa = PBXBuildFile; fileRef = 8E42AA2D1B9F18700054AEAA /* LaunchScreen.xib */; };
		8E42AA3B1B9F18700054AEAA /* ImagePickerTests.swift in Sources */ = {isa = PBXBuildFile; fileRef = 8E42AA3A1B9F18700054AEAA /* ImagePickerTests.swift */; };
		8E82973D1BB31A8B003129EF /* SentMemesCollectionViewController.swift in Sources */ = {isa = PBXBuildFile; fileRef = 8E82973C1BB31A8B003129EF /* SentMemesCollectionViewController.swift */; settings = {ASSET_TAGS = (); }; };
		8E8CEE881BC017FB00071E29 /* SentMemesTableViewController.swift in Sources */ = {isa = PBXBuildFile; fileRef = 8E8CEE871BC017FA00071E29 /* SentMemesTableViewController.swift */; settings = {ASSET_TAGS = (); }; };
		8E8CEE8A1BC15E4F00071E29 /* Gill Sans Ultra Bold in Resources */ = {isa = PBXBuildFile; fileRef = 8E8CEE891BC15E4F00071E29 /* Gill Sans Ultra Bold */; settings = {ASSET_TAGS = (); }; };
		8E8CEE8F1BC15E6A00071E29 /* Blackmoor LET Fonts in Resources */ = {isa = PBXBuildFile; fileRef = 8E8CEE8D1BC15E6A00071E29 /* Blackmoor LET Fonts */; settings = {ASSET_TAGS = (); }; };
		8E8CEE901BC15E6A00071E29 /* BlackoakStd.otf in Resources */ = {isa = PBXBuildFile; fileRef = 8E8CEE8E1BC15E6A00071E29 /* BlackoakStd.otf */; settings = {ASSET_TAGS = (); }; };
		8E8CEE911BC15ED800071E29 /* Futura.ttc in Resources */ = {isa = PBXBuildFile; fileRef = 8E8CEE8B1BC15E5900071E29 /* Futura.ttc */; };
		8E8CEE921BC15EE300071E29 /* GillSans.ttc in Resources */ = {isa = PBXBuildFile; fileRef = 8E8CEE8C1BC15E5900071E29 /* GillSans.ttc */; };
/* End PBXBuildFile section */

/* Begin PBXContainerItemProxy section */
		8E42AA351B9F18700054AEAA /* PBXContainerItemProxy */ = {
			isa = PBXContainerItemProxy;
			containerPortal = 8E42AA171B9F18700054AEAA /* Project object */;
			proxyType = 1;
			remoteGlobalIDString = 8E42AA1E1B9F18700054AEAA;
			remoteInfo = ImagePicker;
		};
/* End PBXContainerItemProxy section */

/* Begin PBXFileReference section */
		8E2DC05F1BA2F73F008FD194 /* Meme.swift */ = {isa = PBXFileReference; fileEncoding = 4; lastKnownFileType = sourcecode.swift; path = Meme.swift; sourceTree = "<group>"; };
		8E2E25D01BBB32740050F32F /* SentMemesCollectionViewCell.swift */ = {isa = PBXFileReference; fileEncoding = 4; lastKnownFileType = sourcecode.swift; path = SentMemesCollectionViewCell.swift; sourceTree = "<group>"; };
		8E42AA1F1B9F18700054AEAA /* ImagePicker.app */ = {isa = PBXFileReference; explicitFileType = wrapper.application; includeInIndex = 0; path = ImagePicker.app; sourceTree = BUILT_PRODUCTS_DIR; };
		8E42AA231B9F18700054AEAA /* Info.plist */ = {isa = PBXFileReference; lastKnownFileType = text.plist.xml; path = Info.plist; sourceTree = "<group>"; };
		8E42AA241B9F18700054AEAA /* AppDelegate.swift */ = {isa = PBXFileReference; lastKnownFileType = sourcecode.swift; path = AppDelegate.swift; sourceTree = "<group>"; };
		8E42AA261B9F18700054AEAA /* ViewController.swift */ = {isa = PBXFileReference; lastKnownFileType = sourcecode.swift; path = ViewController.swift; sourceTree = "<group>"; };
		8E42AA291B9F18700054AEAA /* Base */ = {isa = PBXFileReference; lastKnownFileType = file.storyboard; name = Base; path = Base.lproj/Main.storyboard; sourceTree = "<group>"; };
		8E42AA2B1B9F18700054AEAA /* Images.xcassets */ = {isa = PBXFileReference; lastKnownFileType = folder.assetcatalog; path = Images.xcassets; sourceTree = "<group>"; };
		8E42AA2E1B9F18700054AEAA /* Base */ = {isa = PBXFileReference; lastKnownFileType = file.xib; name = Base; path = Base.lproj/LaunchScreen.xib; sourceTree = "<group>"; };
		8E42AA341B9F18700054AEAA /* ImagePickerTests.xctest */ = {isa = PBXFileReference; explicitFileType = wrapper.cfbundle; includeInIndex = 0; path = ImagePickerTests.xctest; sourceTree = BUILT_PRODUCTS_DIR; };
		8E42AA391B9F18700054AEAA /* Info.plist */ = {isa = PBXFileReference; lastKnownFileType = text.plist.xml; path = Info.plist; sourceTree = "<group>"; };
		8E42AA3A1B9F18700054AEAA /* ImagePickerTests.swift */ = {isa = PBXFileReference; lastKnownFileType = sourcecode.swift; path = ImagePickerTests.swift; sourceTree = "<group>"; };
		8E82973C1BB31A8B003129EF /* SentMemesCollectionViewController.swift */ = {isa = PBXFileReference; fileEncoding = 4; lastKnownFileType = sourcecode.swift; path = SentMemesCollectionViewController.swift; sourceTree = "<group>"; };
		8E8CEE871BC017FA00071E29 /* SentMemesTableViewController.swift */ = {isa = PBXFileReference; fileEncoding = 4; lastKnownFileType = sourcecode.swift; path = SentMemesTableViewController.swift; sourceTree = "<group>"; };
		8E8CEE891BC15E4F00071E29 /* Gill Sans Ultra Bold */ = {isa = PBXFileReference; fileEncoding = 4; lastKnownFileType = text; path = "Gill Sans Ultra Bold"; sourceTree = "<group>"; };
		8E8CEE8B1BC15E5900071E29 /* Futura.ttc */ = {isa = PBXFileReference; lastKnownFileType = file; path = Futura.ttc; sourceTree = "<group>"; };
		8E8CEE8C1BC15E5900071E29 /* GillSans.ttc */ = {isa = PBXFileReference; lastKnownFileType = file; path = GillSans.ttc; sourceTree = "<group>"; };
		8E8CEE8D1BC15E6A00071E29 /* Blackmoor LET Fonts */ = {isa = PBXFileReference; fileEncoding = 4; lastKnownFileType = text; path = "Blackmoor LET Fonts"; sourceTree = "<group>"; };
		8E8CEE8E1BC15E6A00071E29 /* BlackoakStd.otf */ = {isa = PBXFileReference; lastKnownFileType = file; path = BlackoakStd.otf; sourceTree = "<group>"; };
/* End PBXFileReference section */

/* Begin PBXFrameworksBuildPhase section */
		8E42AA1C1B9F18700054AEAA /* Frameworks */ = {
			isa = PBXFrameworksBuildPhase;
			buildActionMask = 2147483647;
			files = (
			);
			runOnlyForDeploymentPostprocessing = 0;
		};
		8E42AA311B9F18700054AEAA /* Frameworks */ = {
			isa = PBXFrameworksBuildPhase;
			buildActionMask = 2147483647;
			files = (
			);
			runOnlyForDeploymentPostprocessing = 0;
		};
/* End PBXFrameworksBuildPhase section */

/* Begin PBXGroup section */
		8E42AA161B9F18700054AEAA = {
			isa = PBXGroup;
			children = (
				8E42AA211B9F18700054AEAA /* ImagePicker */,
				8E42AA371B9F18700054AEAA /* ImagePickerTests */,
				8E42AA201B9F18700054AEAA /* Products */,
			);
			sourceTree = "<group>";
		};
		8E42AA201B9F18700054AEAA /* Products */ = {
			isa = PBXGroup;
			children = (
				8E42AA1F1B9F18700054AEAA /* ImagePicker.app */,
				8E42AA341B9F18700054AEAA /* ImagePickerTests.xctest */,
			);
			name = Products;
			sourceTree = "<group>";
		};
		8E42AA211B9F18700054AEAA /* ImagePicker */ = {
			isa = PBXGroup;
			children = (
				8E42AA241B9F18700054AEAA /* AppDelegate.swift */,
				8E42AA261B9F18700054AEAA /* ViewController.swift */,
				8E2E25D01BBB32740050F32F /* SentMemesCollectionViewCell.swift */,
				8E42AA281B9F18700054AEAA /* Main.storyboard */,
				8E8CEE871BC017FA00071E29 /* SentMemesTableViewController.swift */,
				8E82973C1BB31A8B003129EF /* SentMemesCollectionViewController.swift */,
				8E2DC05F1BA2F73F008FD194 /* Meme.swift */,
				8E42AA2B1B9F18700054AEAA /* Images.xcassets */,
				8E42AA2D1B9F18700054AEAA /* LaunchScreen.xib */,
				8E42AA221B9F18700054AEAA /* Supporting Files */,
			);
			path = ImagePicker;
			sourceTree = "<group>";
		};
		8E42AA221B9F18700054AEAA /* Supporting Files */ = {
			isa = PBXGroup;
			children = (
				8E8CEE8D1BC15E6A00071E29 /* Blackmoor LET Fonts */,
				8E8CEE8E1BC15E6A00071E29 /* BlackoakStd.otf */,
				8E8CEE8B1BC15E5900071E29 /* Futura.ttc */,
				8E8CEE8C1BC15E5900071E29 /* GillSans.ttc */,
				8E8CEE891BC15E4F00071E29 /* Gill Sans Ultra Bold */,
				8E42AA231B9F18700054AEAA /* Info.plist */,
			);
			name = "Supporting Files";
			sourceTree = "<group>";
		};
		8E42AA371B9F18700054AEAA /* ImagePickerTests */ = {
			isa = PBXGroup;
			children = (
				8E42AA3A1B9F18700054AEAA /* ImagePickerTests.swift */,
				8E42AA381B9F18700054AEAA /* Supporting Files */,
			);
			path = ImagePickerTests;
			sourceTree = "<group>";
		};
		8E42AA381B9F18700054AEAA /* Supporting Files */ = {
			isa = PBXGroup;
			children = (
				8E42AA391B9F18700054AEAA /* Info.plist */,
			);
			name = "Supporting Files";
			sourceTree = "<group>";
		};
/* End PBXGroup section */

/* Begin PBXNativeTarget section */
		8E42AA1E1B9F18700054AEAA /* ImagePicker */ = {
			isa = PBXNativeTarget;
			buildConfigurationList = 8E42AA3E1B9F18700054AEAA /* Build configuration list for PBXNativeTarget "ImagePicker" */;
			buildPhases = (
				8E42AA1B1B9F18700054AEAA /* Sources */,
				8E42AA1C1B9F18700054AEAA /* Frameworks */,
				8E42AA1D1B9F18700054AEAA /* Resources */,
			);
			buildRules = (
			);
			dependencies = (
			);
			name = ImagePicker;
			productName = ImagePicker;
			productReference = 8E42AA1F1B9F18700054AEAA /* ImagePicker.app */;
			productType = "com.apple.product-type.application";
		};
		8E42AA331B9F18700054AEAA /* ImagePickerTests */ = {
			isa = PBXNativeTarget;
			buildConfigurationList = 8E42AA411B9F18700054AEAA /* Build configuration list for PBXNativeTarget "ImagePickerTests" */;
			buildPhases = (
				8E42AA301B9F18700054AEAA /* Sources */,
				8E42AA311B9F18700054AEAA /* Frameworks */,
				8E42AA321B9F18700054AEAA /* Resources */,
			);
			buildRules = (
			);
			dependencies = (
				8E42AA361B9F18700054AEAA /* PBXTargetDependency */,
			);
			name = ImagePickerTests;
			productName = ImagePickerTests;
			productReference = 8E42AA341B9F18700054AEAA /* ImagePickerTests.xctest */;
			productType = "com.apple.product-type.bundle.unit-test";
		};
/* End PBXNativeTarget section */

/* Begin PBXProject section */
		8E42AA171B9F18700054AEAA /* Project object */ = {
			isa = PBXProject;
			attributes = {
				LastSwiftMigration = 0700;
				LastSwiftUpdateCheck = 0700;
				LastUpgradeCheck = 0700;
				ORGANIZATIONNAME = "Gabriele Gort";
				TargetAttributes = {
					8E42AA1E1B9F18700054AEAA = {
						CreatedOnToolsVersion = 6.4;
					};
					8E42AA331B9F18700054AEAA = {
						CreatedOnToolsVersion = 6.4;
						TestTargetID = 8E42AA1E1B9F18700054AEAA;
					};
				};
			};
			buildConfigurationList = 8E42AA1A1B9F18700054AEAA /* Build configuration list for PBXProject "ImagePicker" */;
			compatibilityVersion = "Xcode 3.2";
			developmentRegion = English;
			hasScannedForEncodings = 0;
			knownRegions = (
				en,
				Base,
			);
			mainGroup = 8E42AA161B9F18700054AEAA;
			productRefGroup = 8E42AA201B9F18700054AEAA /* Products */;
			projectDirPath = "";
			projectRoot = "";
			targets = (
				8E42AA1E1B9F18700054AEAA /* ImagePicker */,
				8E42AA331B9F18700054AEAA /* ImagePickerTests */,
			);
		};
/* End PBXProject section */

/* Begin PBXResourcesBuildPhase section */
		8E42AA1D1B9F18700054AEAA /* Resources */ = {
			isa = PBXResourcesBuildPhase;
			buildActionMask = 2147483647;
			files = (
				8E8CEE921BC15EE300071E29 /* GillSans.ttc in Resources */,
				8E8CEE911BC15ED800071E29 /* Futura.ttc in Resources */,
				8E42AA2A1B9F18700054AEAA /* Main.storyboard in Resources */,
				8E8CEE901BC15E6A00071E29 /* BlackoakStd.otf in Resources */,
				8E42AA2F1B9F18700054AEAA /* LaunchScreen.xib in Resources */,
				8E8CEE8F1BC15E6A00071E29 /* Blackmoor LET Fonts in Resources */,
				8E8CEE8A1BC15E4F00071E29 /* Gill Sans Ultra Bold in Resources */,
				8E42AA2C1B9F18700054AEAA /* Images.xcassets in Resources */,
			);
			runOnlyForDeploymentPostprocessing = 0;
		};
		8E42AA321B9F18700054AEAA /* Resources */ = {
			isa = PBXResourcesBuildPhase;
			buildActionMask = 2147483647;
			files = (
			);
			runOnlyForDeploymentPostprocessing = 0;
		};
/* End PBXResourcesBuildPhase section */

/* Begin PBXSourcesBuildPhase section */
		8E42AA1B1B9F18700054AEAA /* Sources */ = {
			isa = PBXSourcesBuildPhase;
			buildActionMask = 2147483647;
			files = (
				8E2E25D11BBB32740050F32F /* SentMemesCollectionViewCell.swift in Sources */,
				8E8CEE881BC017FB00071E29 /* SentMemesTableViewController.swift in Sources */,
				8E2DC0601BA2F73F008FD194 /* Meme.swift in Sources */,
				8E42AA271B9F18700054AEAA /* ViewController.swift in Sources */,
				8E82973D1BB31A8B003129EF /* SentMemesCollectionViewController.swift in Sources */,
				8E42AA251B9F18700054AEAA /* AppDelegate.swift in Sources */,
			);
			runOnlyForDeploymentPostprocessing = 0;
		};
		8E42AA301B9F18700054AEAA /* Sources */ = {
			isa = PBXSourcesBuildPhase;
			buildActionMask = 2147483647;
			files = (
				8E42AA3B1B9F18700054AEAA /* ImagePickerTests.swift in Sources */,
			);
			runOnlyForDeploymentPostprocessing = 0;
		};
/* End PBXSourcesBuildPhase section */

/* Begin PBXTargetDependency section */
		8E42AA361B9F18700054AEAA /* PBXTargetDependency */ = {
			isa = PBXTargetDependency;
			target = 8E42AA1E1B9F18700054AEAA /* ImagePicker */;
			targetProxy = 8E42AA351B9F18700054AEAA /* PBXContainerItemProxy */;
		};
/* End PBXTargetDependency section */

/* Begin PBXVariantGroup section */
		8E42AA281B9F18700054AEAA /* Main.storyboard */ = {
			isa = PBXVariantGroup;
			children = (
				8E42AA291B9F18700054AEAA /* Base */,
			);
			name = Main.storyboard;
			sourceTree = "<group>";
		};
		8E42AA2D1B9F18700054AEAA /* LaunchScreen.xib */ = {
			isa = PBXVariantGroup;
			children = (
				8E42AA2E1B9F18700054AEAA /* Base */,
			);
			name = LaunchScreen.xib;
			sourceTree = "<group>";
		};
/* End PBXVariantGroup section */

/* Begin XCBuildConfiguration section */
		8E42AA3C1B9F18700054AEAA /* Debug */ = {
			isa = XCBuildConfiguration;
			buildSettings = {
				CLANG_CXX_LANGUAGE_STANDARD = "gnu++0x";
				CLANG_CXX_LIBRARY = "libc++";
				CLANG_ENABLE_MODULES = YES;
				CLANG_ENABLE_OBJC_ARC = YES;
				CLANG_WARN_BOOL_CONVERSION = YES;
				CLANG_WARN_CONSTANT_CONVERSION = YES;
				CLANG_WARN_DIRECT_OBJC_ISA_USAGE = YES_ERROR;
				CLANG_WARN_EMPTY_BODY = YES;
				CLANG_WARN_ENUM_CONVERSION = YES;
				CLANG_WARN_INT_CONVERSION = YES;
				CLANG_WARN_OBJC_ROOT_CLASS = YES_ERROR;
				CLANG_WARN_UNREACHABLE_CODE = YES;
				CLANG_WARN__DUPLICATE_METHOD_MATCH = YES;
				"CODE_SIGN_IDENTITY[sdk=iphoneos*]" = "iPhone Developer";
				COPY_PHASE_STRIP = NO;
				DEBUG_INFORMATION_FORMAT = "dwarf-with-dsym";
				ENABLE_STRICT_OBJC_MSGSEND = YES;
				ENABLE_TESTABILITY = YES;
				GCC_C_LANGUAGE_STANDARD = gnu99;
				GCC_DYNAMIC_NO_PIC = NO;
				GCC_NO_COMMON_BLOCKS = YES;
				GCC_OPTIMIZATION_LEVEL = 0;
				GCC_PREPROCESSOR_DEFINITIONS = (
					"DEBUG=1",
					"$(inherited)",
				);
				GCC_SYMBOLS_PRIVATE_EXTERN = NO;
				GCC_WARN_64_TO_32_BIT_CONVERSION = YES;
				GCC_WARN_ABOUT_RETURN_TYPE = YES_ERROR;
				GCC_WARN_UNDECLARED_SELECTOR = YES;
				GCC_WARN_UNINITIALIZED_AUTOS = YES_AGGRESSIVE;
				GCC_WARN_UNUSED_FUNCTION = YES;
				GCC_WARN_UNUSED_VARIABLE = YES;
				IPHONEOS_DEPLOYMENT_TARGET = 8.4;
				MTL_ENABLE_DEBUG_INFO = YES;
				ONLY_ACTIVE_ARCH = YES;
				SDKROOT = iphoneos;
				SEPARATE_SYMBOL_EDIT = NO;
				SWIFT_OPTIMIZATION_LEVEL = "-Onone";
			};
			name = Debug;
		};
		8E42AA3D1B9F18700054AEAA /* Release */ = {
			isa = XCBuildConfiguration;
			buildSettings = {
				CLANG_CXX_LANGUAGE_STANDARD = "gnu++0x";
				CLANG_CXX_LIBRARY = "libc++";
				CLANG_ENABLE_MODULES = YES;
				CLANG_ENABLE_OBJC_ARC = YES;
				CLANG_WARN_BOOL_CONVERSION = YES;
				CLANG_WARN_CONSTANT_CONVERSION = YES;
				CLANG_WARN_DIRECT_OBJC_ISA_USAGE = YES_ERROR;
				CLANG_WARN_EMPTY_BODY = YES;
				CLANG_WARN_ENUM_CONVERSION = YES;
				CLANG_WARN_INT_CONVERSION = YES;
				CLANG_WARN_OBJC_ROOT_CLASS = YES_ERROR;
				CLANG_WARN_UNREACHABLE_CODE = YES;
				CLANG_WARN__DUPLICATE_METHOD_MATCH = YES;
				"CODE_SIGN_IDENTITY[sdk=iphoneos*]" = "iPhone Developer";
				COPY_PHASE_STRIP = NO;
				DEBUG_INFORMATION_FORMAT = "dwarf-with-dsym";
				ENABLE_NS_ASSERTIONS = NO;
				ENABLE_STRICT_OBJC_MSGSEND = YES;
				GCC_C_LANGUAGE_STANDARD = gnu99;
				GCC_NO_COMMON_BLOCKS = YES;
				GCC_WARN_64_TO_32_BIT_CONVERSION = YES;
				GCC_WARN_ABOUT_RETURN_TYPE = YES_ERROR;
				GCC_WARN_UNDECLARED_SELECTOR = YES;
				GCC_WARN_UNINITIALIZED_AUTOS = YES_AGGRESSIVE;
				GCC_WARN_UNUSED_FUNCTION = YES;
				GCC_WARN_UNUSED_VARIABLE = YES;
				IPHONEOS_DEPLOYMENT_TARGET = 8.4;
				MTL_ENABLE_DEBUG_INFO = NO;
				SDKROOT = iphoneos;
				SEPARATE_SYMBOL_EDIT = NO;
				VALIDATE_PRODUCT = YES;
			};
			name = Release;
		};
		8E42AA3F1B9F18700054AEAA /* Debug */ = {
			isa = XCBuildConfiguration;
			buildSettings = {
				ASSETCATALOG_COMPILER_APPICON_NAME = AppIcon;
				INFOPLIST_FILE = ImagePicker/Info.plist;
				LD_RUNPATH_SEARCH_PATHS = "$(inherited) @executable_path/Frameworks";
				PRODUCT_BUNDLE_IDENTIFIER = "com.gabrielegort.$(PRODUCT_NAME:rfc1034identifier)";
				PRODUCT_NAME = "$(TARGET_NAME)";
			};
			name = Debug;
		};
		8E42AA401B9F18700054AEAA /* Release */ = {
			isa = XCBuildConfiguration;
			buildSettings = {
				ASSETCATALOG_COMPILER_APPICON_NAME = AppIcon;
				INFOPLIST_FILE = ImagePicker/Info.plist;
				LD_RUNPATH_SEARCH_PATHS = "$(inherited) @executable_path/Frameworks";
				PRODUCT_BUNDLE_IDENTIFIER = "com.gabrielegort.$(PRODUCT_NAME:rfc1034identifier)";
				PRODUCT_NAME = "$(TARGET_NAME)";
			};
			name = Release;
		};
		8E42AA421B9F18700054AEAA /* Debug */ = {
			isa = XCBuildConfiguration;
			buildSettings = {
				BUNDLE_LOADER = "$(TEST_HOST)";
				FRAMEWORK_SEARCH_PATHS = (
					"$(SDKROOT)/Developer/Library/Frameworks",
					"$(inherited)",
				);
				GCC_PREPROCESSOR_DEFINITIONS = (
					"DEBUG=1",
					"$(inherited)",
				);
				INFOPLIST_FILE = ImagePickerTests/Info.plist;
				LD_RUNPATH_SEARCH_PATHS = "$(inherited) @executable_path/Frameworks @loader_path/Frameworks";
				PRODUCT_BUNDLE_IDENTIFIER = "com.gabrielegort.$(PRODUCT_NAME:rfc1034identifier)";
				PRODUCT_NAME = "$(TARGET_NAME)";
				TEST_HOST = "$(BUILT_PRODUCTS_DIR)/ImagePicker.app/ImagePicker";
			};
			name = Debug;
		};
		8E42AA431B9F18700054AEAA /* Release */ = {
			isa = XCBuildConfiguration;
			buildSettings = {
				BUNDLE_LOADER = "$(TEST_HOST)";
				FRAMEWORK_SEARCH_PATHS = (
					"$(SDKROOT)/Developer/Library/Frameworks",
					"$(inherited)",
				);
				INFOPLIST_FILE = ImagePickerTests/Info.plist;
				LD_RUNPATH_SEARCH_PATHS = "$(inherited) @executable_path/Frameworks @loader_path/Frameworks";
				PRODUCT_BUNDLE_IDENTIFIER = "com.gabrielegort.$(PRODUCT_NAME:rfc1034identifier)";
				PRODUCT_NAME = "$(TARGET_NAME)";
				TEST_HOST = "$(BUILT_PRODUCTS_DIR)/ImagePicker.app/ImagePicker";
			};
			name = Release;
		};
/* End XCBuildConfiguration section */

/* Begin XCConfigurationList section */
		8E42AA1A1B9F18700054AEAA /* Build configuration list for PBXProject "ImagePicker" */ = {
			isa = XCConfigurationList;
			buildConfigurations = (
				8E42AA3C1B9F18700054AEAA /* Debug */,
				8E42AA3D1B9F18700054AEAA /* Release */,
			);
			defaultConfigurationIsVisible = 0;
			defaultConfigurationName = Release;
		};
		8E42AA3E1B9F18700054AEAA /* Build configuration list for PBXNativeTarget "ImagePicker" */ = {
			isa = XCConfigurationList;
			buildConfigurations = (
				8E42AA3F1B9F18700054AEAA /* Debug */,
				8E42AA401B9F18700054AEAA /* Release */,
			);
			defaultConfigurationIsVisible = 0;
			defaultConfigurationName = Release;
		};
		8E42AA411B9F18700054AEAA /* Build configuration list for PBXNativeTarget "ImagePickerTests" */ = {
			isa = XCConfigurationList;
			buildConfigurations = (
				8E42AA421B9F18700054AEAA /* Debug */,
				8E42AA431B9F18700054AEAA /* Release */,
			);
			defaultConfigurationIsVisible = 0;
			defaultConfigurationName = Release;
		};
/* End XCConfigurationList section */
	};
	rootObject = 8E42AA171B9F18700054AEAA /* Project object */;
}
